
Microsoft Visual Studio Solution File, Format Version 12.00
# Visual Studio Version 16
VisualStudioVersion = 16.0.31729.503
MinimumVisualStudioVersion = 10.0.40219.1
Project("{FAE04EC0-301F-11D3-BF4B-00C04F79EFBC}") = "Homework 2.7 Task 2", "Homework 2.7 Task 2.csproj", "{BBDFD05F-EB97-4C99-8BC6-313C319335AB}"
EndProject
Global
	GlobalSection(SolutionConfigurationPlatforms) = preSolution
		Debug|Any CPU = Debug|Any CPU
		Release|Any CPU = Release|Any CPU
	EndGlobalSection
	GlobalSection(ProjectConfigurationPlatforms) = postSolution
		{BBDFD05F-EB97-4C99-8BC6-313C319335AB}.Debug|Any CPU.ActiveCfg = Debug|Any CPU
		{BBDFD05F-EB97-4C99-8BC6-313C319335AB}.Debug|Any CPU.Build.0 = Debug|Any CPU
		{BBDFD05F-EB97-4C99-8BC6-313C319335AB}.Release|Any CPU.ActiveCfg = Release|Any CPU
		{BBDFD05F-EB97-4C99-8BC6-313C319335AB}.Release|Any CPU.Build.0 = Release|Any CPU
	EndGlobalSection
	GlobalSection(SolutionProperties) = preSolution
		HideSolutionNode = FALSE
	EndGlobalSection
	GlobalSection(ExtensibilityGlobals) = postSolution
		SolutionGuid = {67DBF815-1F32-4FF7-B798-269430A15D03}
	EndGlobalSection
EndGlobal
